
Microsoft Visual Studio Solution File, Format Version 12.00
# Visual Studio Version 17
VisualStudioVersion = 17.3.32901.215
MinimumVisualStudioVersion = 10.0.40219.1
Project("{9A19103F-16F7-4668-BE54-9A1E7A4F7556}") = "ChessGame", "ChessGame\ChessGame.csproj", "{FF3BA6BE-9389-49D0-BF15-F96D63B014FA}"
EndProject
Project("{9A19103F-16F7-4668-BE54-9A1E7A4F7556}") = "ChessCoreEngine", "ChessCoreEngine\ChessCoreEngine.csproj", "{A38F56E8-5E30-406F-9DED-E39F5B0DFCC4}"
EndProject
Project("{FAE04EC0-301F-11D3-BF4B-00C04F79EFBC}") = "ChessGameTests", "ChessGameTests\ChessGameTests.csproj", "{EBA21CC5-85DC-4C79-BE8F-2D8238E27C6F}"
EndProject
Global
	GlobalSection(SolutionConfigurationPlatforms) = preSolution
		Debug|Any CPU = Debug|Any CPU
		Release|Any CPU = Release|Any CPU
	EndGlobalSection
	GlobalSection(ProjectConfigurationPlatforms) = postSolution
		{FF3BA6BE-9389-49D0-BF15-F96D63B014FA}.Debug|Any CPU.ActiveCfg = Debug|Any CPU
		{FF3BA6BE-9389-49D0-BF15-F96D63B014FA}.Debug|Any CPU.Build.0 = Debug|Any CPU
		{FF3BA6BE-9389-49D0-BF15-F96D63B014FA}.Release|Any CPU.ActiveCfg = Release|Any CPU
		{FF3BA6BE-9389-49D0-BF15-F96D63B014FA}.Release|Any CPU.Build.0 = Release|Any CPU
		{A38F56E8-5E30-406F-9DED-E39F5B0DFCC4}.Debug|Any CPU.ActiveCfg = Debug|Any CPU
		{A38F56E8-5E30-406F-9DED-E39F5B0DFCC4}.Debug|Any CPU.Build.0 = Debug|Any CPU
		{A38F56E8-5E30-406F-9DED-E39F5B0DFCC4}.Release|Any CPU.ActiveCfg = Release|Any CPU
		{A38F56E8-5E30-406F-9DED-E39F5B0DFCC4}.Release|Any CPU.Build.0 = Release|Any CPU
		{EBA21CC5-85DC-4C79-BE8F-2D8238E27C6F}.Debug|Any CPU.ActiveCfg = Debug|Any CPU
		{EBA21CC5-85DC-4C79-BE8F-2D8238E27C6F}.Debug|Any CPU.Build.0 = Debug|Any CPU
		{EBA21CC5-85DC-4C79-BE8F-2D8238E27C6F}.Release|Any CPU.ActiveCfg = Release|Any CPU
		{EBA21CC5-85DC-4C79-BE8F-2D8238E27C6F}.Release|Any CPU.Build.0 = Release|Any CPU
	EndGlobalSection
	GlobalSection(SolutionProperties) = preSolution
		HideSolutionNode = FALSE
	EndGlobalSection
	GlobalSection(ExtensibilityGlobals) = postSolution
		SolutionGuid = {8050A38C-2F5F-4180-8746-93F325CDF8BB}
	EndGlobalSection
EndGlobal
