
Microsoft Visual Studio Solution File, Format Version 12.00
# Visual Studio Version 16
VisualStudioVersion = 16.0.31019.35
MinimumVisualStudioVersion = 10.0.40219.1
Project("{FAE04EC0-301F-11D3-BF4B-00C04F79EFBC}") = "NewChess", "NewChess\NewChess.csproj", "{FB443E27-92E0-455C-8090-A3D3576D7CBF}"
EndProject
Project("{FAE04EC0-301F-11D3-BF4B-00C04F79EFBC}") = "ModelLayer", "ModelLayer\ModelLayer.csproj", "{DF0355DA-A57A-4BE1-8558-80161ED1430C}"
EndProject
Project("{FAE04EC0-301F-11D3-BF4B-00C04F79EFBC}") = "Controller", "Controller\Controller.csproj", "{93C5413F-F43B-42D1-A743-EAF202FB4C51}"
EndProject
Global
	GlobalSection(SolutionConfigurationPlatforms) = preSolution
		Debug|Any CPU = Debug|Any CPU
		Release|Any CPU = Release|Any CPU
	EndGlobalSection
	GlobalSection(ProjectConfigurationPlatforms) = postSolution
		{FB443E27-92E0-455C-8090-A3D3576D7CBF}.Debug|Any CPU.ActiveCfg = Debug|Any CPU
		{FB443E27-92E0-455C-8090-A3D3576D7CBF}.Debug|Any CPU.Build.0 = Debug|Any CPU
		{FB443E27-92E0-455C-8090-A3D3576D7CBF}.Release|Any CPU.ActiveCfg = Release|Any CPU
		{FB443E27-92E0-455C-8090-A3D3576D7CBF}.Release|Any CPU.Build.0 = Release|Any CPU
		{DF0355DA-A57A-4BE1-8558-80161ED1430C}.Debug|Any CPU.ActiveCfg = Debug|Any CPU
		{DF0355DA-A57A-4BE1-8558-80161ED1430C}.Debug|Any CPU.Build.0 = Debug|Any CPU
		{DF0355DA-A57A-4BE1-8558-80161ED1430C}.Release|Any CPU.ActiveCfg = Release|Any CPU
		{DF0355DA-A57A-4BE1-8558-80161ED1430C}.Release|Any CPU.Build.0 = Release|Any CPU
		{93C5413F-F43B-42D1-A743-EAF202FB4C51}.Debug|Any CPU.ActiveCfg = Debug|Any CPU
		{93C5413F-F43B-42D1-A743-EAF202FB4C51}.Debug|Any CPU.Build.0 = Debug|Any CPU
		{93C5413F-F43B-42D1-A743-EAF202FB4C51}.Release|Any CPU.ActiveCfg = Release|Any CPU
		{93C5413F-F43B-42D1-A743-EAF202FB4C51}.Release|Any CPU.Build.0 = Release|Any CPU
	EndGlobalSection
	GlobalSection(SolutionProperties) = preSolution
		HideSolutionNode = FALSE
	EndGlobalSection
	GlobalSection(ExtensibilityGlobals) = postSolution
		SolutionGuid = {8050A38C-2F5F-4180-8746-93F325CDF8BB}
	EndGlobalSection
EndGlobal
